// !$*UTF8*$!
{
	archiveVersion = 1;
	classes = {
	};
	objectVersion = 46;
	objects = {

/* Begin PBXBuildFile section */
		D01D923317E0F1FE00C56B99 /* UIKit.framework in Frameworks */ = {isa = PBXBuildFile; fileRef = D01D923217E0F1FE00C56B99 /* UIKit.framework */; };
		D01D923517E0F1FE00C56B99 /* Foundation.framework in Frameworks */ = {isa = PBXBuildFile; fileRef = D01D923417E0F1FE00C56B99 /* Foundation.framework */; };
		D01D923717E0F1FE00C56B99 /* CoreGraphics.framework in Frameworks */ = {isa = PBXBuildFile; fileRef = D01D923617E0F1FE00C56B99 /* CoreGraphics.framework */; };
		D01D923D17E0F1FE00C56B99 /* InfoPlist.strings in Resources */ = {isa = PBXBuildFile; fileRef = D01D923B17E0F1FE00C56B99 /* InfoPlist.strings */; };
		D01D923F17E0F1FE00C56B99 /* main.m in Sources */ = {isa = PBXBuildFile; fileRef = D01D923E17E0F1FE00C56B99 /* main.m */; settings = {COMPILER_FLAGS = "-fobjc-arc"; }; };
		D01D924317E0F1FE00C56B99 /* AppDelegate.m in Sources */ = {isa = PBXBuildFile; fileRef = D01D924217E0F1FE00C56B99 /* AppDelegate.m */; settings = {COMPILER_FLAGS = "-fobjc-arc"; }; };
		D01D924517E0F1FE00C56B99 /* Default.png in Resources */ = {isa = PBXBuildFile; fileRef = D01D924417E0F1FE00C56B99 /* Default.png */; };
		D01D924717E0F1FE00C56B99 /* Default@2x.png in Resources */ = {isa = PBXBuildFile; fileRef = D01D924617E0F1FE00C56B99 /* Default@2x.png */; };
		D01D924917E0F1FE00C56B99 /* Default-568h@2x.png in Resources */ = {isa = PBXBuildFile; fileRef = D01D924817E0F1FE00C56B99 /* Default-568h@2x.png */; };
		D01D924C17E0F1FE00C56B99 /* MasterViewController.m in Sources */ = {isa = PBXBuildFile; fileRef = D01D924B17E0F1FE00C56B99 /* MasterViewController.m */; settings = {COMPILER_FLAGS = "-fobjc-arc"; }; };
		D01D924F17E0F1FE00C56B99 /* DetailViewController.m in Sources */ = {isa = PBXBuildFile; fileRef = D01D924E17E0F1FE00C56B99 /* DetailViewController.m */; settings = {COMPILER_FLAGS = "-fobjc-arc"; }; };
		D01D925217E0F1FE00C56B99 /* MasterViewController_iPhone.xib in Resources */ = {isa = PBXBuildFile; fileRef = D01D925017E0F1FE00C56B99 /* MasterViewController_iPhone.xib */; };
		D01D925517E0F1FE00C56B99 /* MasterViewController_iPad.xib in Resources */ = {isa = PBXBuildFile; fileRef = D01D925317E0F1FE00C56B99 /* MasterViewController_iPad.xib */; };
		D01D925817E0F1FE00C56B99 /* DetailViewController_iPhone.xib in Resources */ = {isa = PBXBuildFile; fileRef = D01D925617E0F1FE00C56B99 /* DetailViewController_iPhone.xib */; };
		D01D925B17E0F1FE00C56B99 /* DetailViewController_iPad.xib in Resources */ = {isa = PBXBuildFile; fileRef = D01D925917E0F1FE00C56B99 /* DetailViewController_iPad.xib */; };
		D061C98717E3917300D81F7F /* Highway.ttf in Resources */ = {isa = PBXBuildFile; fileRef = D061C98617E3917300D81F7F /* Highway.ttf */; };
		D061C99617E399CF00D81F7F /* FMDatabase.m in Sources */ = {isa = PBXBuildFile; fileRef = D061C98D17E399CF00D81F7F /* FMDatabase.m */; settings = {COMPILER_FLAGS = "-fobjc-arc"; }; };
		D061C99717E399CF00D81F7F /* FMDatabaseAdditions.m in Sources */ = {isa = PBXBuildFile; fileRef = D061C98F17E399CF00D81F7F /* FMDatabaseAdditions.m */; settings = {COMPILER_FLAGS = "-fobjc-arc"; }; };
		D061C99817E399CF00D81F7F /* FMDatabasePool.m in Sources */ = {isa = PBXBuildFile; fileRef = D061C99117E399CF00D81F7F /* FMDatabasePool.m */; settings = {COMPILER_FLAGS = "-fobjc-arc"; }; };
		D061C99917E399CF00D81F7F /* FMDatabaseQueue.m in Sources */ = {isa = PBXBuildFile; fileRef = D061C99317E399CF00D81F7F /* FMDatabaseQueue.m */; settings = {COMPILER_FLAGS = "-fobjc-arc"; }; };
		D061C99A17E399CF00D81F7F /* FMResultSet.m in Sources */ = {isa = PBXBuildFile; fileRef = D061C99517E399CF00D81F7F /* FMResultSet.m */; settings = {COMPILER_FLAGS = "-fobjc-arc"; }; };
		D061C9AB17E48EA900D81F7F /* Util.m in Sources */ = {isa = PBXBuildFile; fileRef = D061C9AA17E48EA900D81F7F /* Util.m */; settings = {COMPILER_FLAGS = "-fobjc-arc"; }; };
		D061C9C017E4B8CE00D81F7F /* AFHTTPClient.m in Sources */ = {isa = PBXBuildFile; fileRef = D061C9AE17E4B8CE00D81F7F /* AFHTTPClient.m */; settings = {COMPILER_FLAGS = "-fobjc-arc"; }; };
		D061C9C117E4B8CE00D81F7F /* AFHTTPRequestOperation.m in Sources */ = {isa = PBXBuildFile; fileRef = D061C9B017E4B8CE00D81F7F /* AFHTTPRequestOperation.m */; settings = {COMPILER_FLAGS = "-fobjc-arc"; }; };
		D061C9C217E4B8CE00D81F7F /* AFImageRequestOperation.m in Sources */ = {isa = PBXBuildFile; fileRef = D061C9B217E4B8CE00D81F7F /* AFImageRequestOperation.m */; settings = {COMPILER_FLAGS = "-fobjc-arc"; }; };
		D061C9C317E4B8CE00D81F7F /* AFJSONRequestOperation.m in Sources */ = {isa = PBXBuildFile; fileRef = D061C9B417E4B8CE00D81F7F /* AFJSONRequestOperation.m */; settings = {COMPILER_FLAGS = "-fobjc-arc"; }; };
		D061C9C417E4B8CE00D81F7F /* AFNetworkActivityIndicatorManager.m in Sources */ = {isa = PBXBuildFile; fileRef = D061C9B617E4B8CE00D81F7F /* AFNetworkActivityIndicatorManager.m */; settings = {COMPILER_FLAGS = "-fobjc-arc"; }; };
		D061C9C517E4B8CE00D81F7F /* AFPropertyListRequestOperation.m in Sources */ = {isa = PBXBuildFile; fileRef = D061C9B917E4B8CE00D81F7F /* AFPropertyListRequestOperation.m */; settings = {COMPILER_FLAGS = "-fobjc-arc"; }; };
		D061C9C617E4B8CE00D81F7F /* AFURLConnectionOperation.m in Sources */ = {isa = PBXBuildFile; fileRef = D061C9BB17E4B8CE00D81F7F /* AFURLConnectionOperation.m */; settings = {COMPILER_FLAGS = "-fobjc-arc"; }; };
		D061C9C717E4B8CE00D81F7F /* AFXMLRequestOperation.m in Sources */ = {isa = PBXBuildFile; fileRef = D061C9BD17E4B8CE00D81F7F /* AFXMLRequestOperation.m */; settings = {COMPILER_FLAGS = "-fobjc-arc"; }; };
		D061C9C817E4B8CE00D81F7F /* UIImageView+AFNetworking.m in Sources */ = {isa = PBXBuildFile; fileRef = D061C9BF17E4B8CE00D81F7F /* UIImageView+AFNetworking.m */; settings = {COMPILER_FLAGS = "-fobjc-arc"; }; };
		D061C9CE17E4BA8B00D81F7F /* FilMagazine.m in Sources */ = {isa = PBXBuildFile; fileRef = D061C9CD17E4BA8B00D81F7F /* FilMagazine.m */; settings = {COMPILER_FLAGS = "-fobjc-arc"; }; };
		D061C9D717E4C0CF00D81F7F /* CJSONDeserializer.m in Sources */ = {isa = PBXBuildFile; fileRef = D061C9D117E4C0CF00D81F7F /* CJSONDeserializer.m */; settings = {COMPILER_FLAGS = "-fobjc-arc"; }; };
		D061C9D817E4C0CF00D81F7F /* CJSONSerializer.m in Sources */ = {isa = PBXBuildFile; fileRef = D061C9D317E4C0CF00D81F7F /* CJSONSerializer.m */; settings = {COMPILER_FLAGS = "-fobjc-arc"; }; };
		D061C9D917E4C0CF00D81F7F /* NSDictionary_JSONExtensions.m in Sources */ = {isa = PBXBuildFile; fileRef = D061C9D617E4C0CF00D81F7F /* NSDictionary_JSONExtensions.m */; settings = {COMPILER_FLAGS = "-fobjc-arc"; }; };
		D061C9DC17E4C86400D81F7F /* Security.framework in Frameworks */ = {isa = PBXBuildFile; fileRef = D061C9DB17E4C86400D81F7F /* Security.framework */; };
		D061C9DF17E4F4FE00D81F7F /* MagazineData.m in Sources */ = {isa = PBXBuildFile; fileRef = D061C9DE17E4F4FE00D81F7F /* MagazineData.m */; settings = {COMPILER_FLAGS = "-fobjc-arc"; }; };
		D061C9E617E5E08200D81F7F /* FilDb.db in Resources */ = {isa = PBXBuildFile; fileRef = D061C9E517E5E08200D81F7F /* FilDb.db */; };
		D061C9E817E614C700D81F7F /* libsqlite3.0.dylib in Frameworks */ = {isa = PBXBuildFile; fileRef = D061C9E717E614C700D81F7F /* libsqlite3.0.dylib */; };
		D061C9EA17E6278700D81F7F /* SystemConfiguration.framework in Frameworks */ = {isa = PBXBuildFile; fileRef = D061C9E917E6278700D81F7F /* SystemConfiguration.framework */; };
		D061C9EC17E6278C00D81F7F /* MobileCoreServices.framework in Frameworks */ = {isa = PBXBuildFile; fileRef = D061C9EB17E6278C00D81F7F /* MobileCoreServices.framework */; };
		D093D19917E23953001EE771 /* TransBK.png in Resources */ = {isa = PBXBuildFile; fileRef = D093D19817E23953001EE771 /* TransBK.png */; };
		D093D19B17E23DA5001EE771 /* Refresh.png in Resources */ = {isa = PBXBuildFile; fileRef = D093D19A17E23DA5001EE771 /* Refresh.png */; };
		D093D19D17E241B7001EE771 /* Banner.png in Resources */ = {isa = PBXBuildFile; fileRef = D093D19C17E241B7001EE771 /* Banner.png */; };
		D093D1A117E25B90001EE771 /* Thumbnail.png in Resources */ = {isa = PBXBuildFile; fileRef = D093D1A017E25B90001EE771 /* Thumbnail.png */; };
/* End PBXBuildFile section */

/* Begin PBXFileReference section */
		D01D922F17E0F1FE00C56B99 /* Fil.app */ = {isa = PBXFileReference; explicitFileType = wrapper.application; includeInIndex = 0; path = Fil.app; sourceTree = BUILT_PRODUCTS_DIR; };
		D01D923217E0F1FE00C56B99 /* UIKit.framework */ = {isa = PBXFileReference; lastKnownFileType = wrapper.framework; name = UIKit.framework; path = System/Library/Frameworks/UIKit.framework; sourceTree = SDKROOT; };
		D01D923417E0F1FE00C56B99 /* Foundation.framework */ = {isa = PBXFileReference; lastKnownFileType = wrapper.framework; name = Foundation.framework; path = System/Library/Frameworks/Foundation.framework; sourceTree = SDKROOT; };
		D01D923617E0F1FE00C56B99 /* CoreGraphics.framework */ = {isa = PBXFileReference; lastKnownFileType = wrapper.framework; name = CoreGraphics.framework; path = System/Library/Frameworks/CoreGraphics.framework; sourceTree = SDKROOT; };
		D01D923A17E0F1FE00C56B99 /* Fil-Info.plist */ = {isa = PBXFileReference; lastKnownFileType = text.plist.xml; path = "Fil-Info.plist"; sourceTree = "<group>"; };
		D01D923C17E0F1FE00C56B99 /* en */ = {isa = PBXFileReference; lastKnownFileType = text.plist.strings; name = en; path = en.lproj/InfoPlist.strings; sourceTree = "<group>"; };
		D01D923E17E0F1FE00C56B99 /* main.m */ = {isa = PBXFileReference; lastKnownFileType = sourcecode.c.objc; path = main.m; sourceTree = "<group>"; };
		D01D924017E0F1FE00C56B99 /* Fil-Prefix.pch */ = {isa = PBXFileReference; lastKnownFileType = sourcecode.c.h; path = "Fil-Prefix.pch"; sourceTree = "<group>"; };
		D01D924117E0F1FE00C56B99 /* AppDelegate.h */ = {isa = PBXFileReference; lastKnownFileType = sourcecode.c.h; path = AppDelegate.h; sourceTree = "<group>"; };
		D01D924217E0F1FE00C56B99 /* AppDelegate.m */ = {isa = PBXFileReference; lastKnownFileType = sourcecode.c.objc; path = AppDelegate.m; sourceTree = "<group>"; };
		D01D924417E0F1FE00C56B99 /* Default.png */ = {isa = PBXFileReference; lastKnownFileType = image.png; path = Default.png; sourceTree = "<group>"; };
		D01D924617E0F1FE00C56B99 /* Default@2x.png */ = {isa = PBXFileReference; lastKnownFileType = image.png; path = "Default@2x.png"; sourceTree = "<group>"; };
		D01D924817E0F1FE00C56B99 /* Default-568h@2x.png */ = {isa = PBXFileReference; lastKnownFileType = image.png; path = "Default-568h@2x.png"; sourceTree = "<group>"; };
		D01D924A17E0F1FE00C56B99 /* MasterViewController.h */ = {isa = PBXFileReference; lastKnownFileType = sourcecode.c.h; path = MasterViewController.h; sourceTree = "<group>"; };
		D01D924B17E0F1FE00C56B99 /* MasterViewController.m */ = {isa = PBXFileReference; lastKnownFileType = sourcecode.c.objc; path = MasterViewController.m; sourceTree = "<group>"; };
		D01D924D17E0F1FE00C56B99 /* DetailViewController.h */ = {isa = PBXFileReference; lastKnownFileType = sourcecode.c.h; path = DetailViewController.h; sourceTree = "<group>"; };
		D01D924E17E0F1FE00C56B99 /* DetailViewController.m */ = {isa = PBXFileReference; lastKnownFileType = sourcecode.c.objc; path = DetailViewController.m; sourceTree = "<group>"; };
		D01D925117E0F1FE00C56B99 /* en */ = {isa = PBXFileReference; lastKnownFileType = file.xib; name = en; path = en.lproj/MasterViewController_iPhone.xib; sourceTree = "<group>"; };
		D01D925417E0F1FE00C56B99 /* en */ = {isa = PBXFileReference; lastKnownFileType = file.xib; name = en; path = en.lproj/MasterViewController_iPad.xib; sourceTree = "<group>"; };
		D01D925717E0F1FE00C56B99 /* en */ = {isa = PBXFileReference; lastKnownFileType = file.xib; name = en; path = en.lproj/DetailViewController_iPhone.xib; sourceTree = "<group>"; };
		D01D925A17E0F1FE00C56B99 /* en */ = {isa = PBXFileReference; lastKnownFileType = file.xib; name = en; path = en.lproj/DetailViewController_iPad.xib; sourceTree = "<group>"; };
		D061C98617E3917300D81F7F /* Highway.ttf */ = {isa = PBXFileReference; lastKnownFileType = file; path = Highway.ttf; sourceTree = "<group>"; };
		D061C98C17E399CF00D81F7F /* FMDatabase.h */ = {isa = PBXFileReference; fileEncoding = 4; lastKnownFileType = sourcecode.c.h; path = FMDatabase.h; sourceTree = "<group>"; };
		D061C98D17E399CF00D81F7F /* FMDatabase.m */ = {isa = PBXFileReference; fileEncoding = 4; lastKnownFileType = sourcecode.c.objc; path = FMDatabase.m; sourceTree = "<group>"; };
		D061C98E17E399CF00D81F7F /* FMDatabaseAdditions.h */ = {isa = PBXFileReference; fileEncoding = 4; lastKnownFileType = sourcecode.c.h; path = FMDatabaseAdditions.h; sourceTree = "<group>"; };
		D061C98F17E399CF00D81F7F /* FMDatabaseAdditions.m */ = {isa = PBXFileReference; fileEncoding = 4; lastKnownFileType = sourcecode.c.objc; path = FMDatabaseAdditions.m; sourceTree = "<group>"; };
		D061C99017E399CF00D81F7F /* FMDatabasePool.h */ = {isa = PBXFileReference; fileEncoding = 4; lastKnownFileType = sourcecode.c.h; path = FMDatabasePool.h; sourceTree = "<group>"; };
		D061C99117E399CF00D81F7F /* FMDatabasePool.m */ = {isa = PBXFileReference; fileEncoding = 4; lastKnownFileType = sourcecode.c.objc; path = FMDatabasePool.m; sourceTree = "<group>"; };
		D061C99217E399CF00D81F7F /* FMDatabaseQueue.h */ = {isa = PBXFileReference; fileEncoding = 4; lastKnownFileType = sourcecode.c.h; path = FMDatabaseQueue.h; sourceTree = "<group>"; };
		D061C99317E399CF00D81F7F /* FMDatabaseQueue.m */ = {isa = PBXFileReference; fileEncoding = 4; lastKnownFileType = sourcecode.c.objc; path = FMDatabaseQueue.m; sourceTree = "<group>"; };
		D061C99417E399CF00D81F7F /* FMResultSet.h */ = {isa = PBXFileReference; fileEncoding = 4; lastKnownFileType = sourcecode.c.h; path = FMResultSet.h; sourceTree = "<group>"; };
		D061C99517E399CF00D81F7F /* FMResultSet.m */ = {isa = PBXFileReference; fileEncoding = 4; lastKnownFileType = sourcecode.c.objc; path = FMResultSet.m; sourceTree = "<group>"; };
		D061C9A917E48EA900D81F7F /* Util.h */ = {isa = PBXFileReference; fileEncoding = 4; lastKnownFileType = sourcecode.c.h; path = Util.h; sourceTree = "<group>"; };
		D061C9AA17E48EA900D81F7F /* Util.m */ = {isa = PBXFileReference; fileEncoding = 4; lastKnownFileType = sourcecode.c.objc; path = Util.m; sourceTree = "<group>"; };
		D061C9AD17E4B8CE00D81F7F /* AFHTTPClient.h */ = {isa = PBXFileReference; fileEncoding = 4; lastKnownFileType = sourcecode.c.h; path = AFHTTPClient.h; sourceTree = "<group>"; };
		D061C9AE17E4B8CE00D81F7F /* AFHTTPClient.m */ = {isa = PBXFileReference; fileEncoding = 4; lastKnownFileType = sourcecode.c.objc; path = AFHTTPClient.m; sourceTree = "<group>"; };
		D061C9AF17E4B8CE00D81F7F /* AFHTTPRequestOperation.h */ = {isa = PBXFileReference; fileEncoding = 4; lastKnownFileType = sourcecode.c.h; path = AFHTTPRequestOperation.h; sourceTree = "<group>"; };
		D061C9B017E4B8CE00D81F7F /* AFHTTPRequestOperation.m */ = {isa = PBXFileReference; fileEncoding = 4; lastKnownFileType = sourcecode.c.objc; path = AFHTTPRequestOperation.m; sourceTree = "<group>"; };
		D061C9B117E4B8CE00D81F7F /* AFImageRequestOperation.h */ = {isa = PBXFileReference; fileEncoding = 4; lastKnownFileType = sourcecode.c.h; path = AFImageRequestOperation.h; sourceTree = "<group>"; };
		D061C9B217E4B8CE00D81F7F /* AFImageRequestOperation.m */ = {isa = PBXFileReference; fileEncoding = 4; lastKnownFileType = sourcecode.c.objc; path = AFImageRequestOperation.m; sourceTree = "<group>"; };
		D061C9B317E4B8CE00D81F7F /* AFJSONRequestOperation.h */ = {isa = PBXFileReference; fileEncoding = 4; lastKnownFileType = sourcecode.c.h; path = AFJSONRequestOperation.h; sourceTree = "<group>"; };
		D061C9B417E4B8CE00D81F7F /* AFJSONRequestOperation.m */ = {isa = PBXFileReference; fileEncoding = 4; lastKnownFileType = sourcecode.c.objc; path = AFJSONRequestOperation.m; sourceTree = "<group>"; };
		D061C9B517E4B8CE00D81F7F /* AFNetworkActivityIndicatorManager.h */ = {isa = PBXFileReference; fileEncoding = 4; lastKnownFileType = sourcecode.c.h; path = AFNetworkActivityIndicatorManager.h; sourceTree = "<group>"; };
		D061C9B617E4B8CE00D81F7F /* AFNetworkActivityIndicatorManager.m */ = {isa = PBXFileReference; fileEncoding = 4; lastKnownFileType = sourcecode.c.objc; path = AFNetworkActivityIndicatorManager.m; sourceTree = "<group>"; };
		D061C9B717E4B8CE00D81F7F /* AFNetworking.h */ = {isa = PBXFileReference; fileEncoding = 4; lastKnownFileType = sourcecode.c.h; path = AFNetworking.h; sourceTree = "<group>"; };
		D061C9B817E4B8CE00D81F7F /* AFPropertyListRequestOperation.h */ = {isa = PBXFileReference; fileEncoding = 4; lastKnownFileType = sourcecode.c.h; path = AFPropertyListRequestOperation.h; sourceTree = "<group>"; };
		D061C9B917E4B8CE00D81F7F /* AFPropertyListRequestOperation.m */ = {isa = PBXFileReference; fileEncoding = 4; lastKnownFileType = sourcecode.c.objc; path = AFPropertyListRequestOperation.m; sourceTree = "<group>"; };
		D061C9BA17E4B8CE00D81F7F /* AFURLConnectionOperation.h */ = {isa = PBXFileReference; fileEncoding = 4; lastKnownFileType = sourcecode.c.h; path = AFURLConnectionOperation.h; sourceTree = "<group>"; };
		D061C9BB17E4B8CE00D81F7F /* AFURLConnectionOperation.m */ = {isa = PBXFileReference; fileEncoding = 4; lastKnownFileType = sourcecode.c.objc; path = AFURLConnectionOperation.m; sourceTree = "<group>"; };
		D061C9BC17E4B8CE00D81F7F /* AFXMLRequestOperation.h */ = {isa = PBXFileReference; fileEncoding = 4; lastKnownFileType = sourcecode.c.h; path = AFXMLRequestOperation.h; sourceTree = "<group>"; };
		D061C9BD17E4B8CE00D81F7F /* AFXMLRequestOperation.m */ = {isa = PBXFileReference; fileEncoding = 4; lastKnownFileType = sourcecode.c.objc; path = AFXMLRequestOperation.m; sourceTree = "<group>"; };
		D061C9BE17E4B8CE00D81F7F /* UIImageView+AFNetworking.h */ = {isa = PBXFileReference; fileEncoding = 4; lastKnownFileType = sourcecode.c.h; path = "UIImageView+AFNetworking.h"; sourceTree = "<group>"; };
		D061C9BF17E4B8CE00D81F7F /* UIImageView+AFNetworking.m */ = {isa = PBXFileReference; fileEncoding = 4; lastKnownFileType = sourcecode.c.objc; path = "UIImageView+AFNetworking.m"; sourceTree = "<group>"; };
		D061C9CC17E4BA8B00D81F7F /* FilMagazine.h */ = {isa = PBXFileReference; fileEncoding = 4; lastKnownFileType = sourcecode.c.h; path = FilMagazine.h; sourceTree = "<group>"; };
		D061C9CD17E4BA8B00D81F7F /* FilMagazine.m */ = {isa = PBXFileReference; fileEncoding = 4; lastKnownFileType = sourcecode.c.objc; path = FilMagazine.m; sourceTree = "<group>"; };
		D061C9D017E4C0CF00D81F7F /* CJSONDeserializer.h */ = {isa = PBXFileReference; fileEncoding = 4; lastKnownFileType = sourcecode.c.h; path = CJSONDeserializer.h; sourceTree = "<group>"; };
		D061C9D117E4C0CF00D81F7F /* CJSONDeserializer.m */ = {isa = PBXFileReference; fileEncoding = 4; lastKnownFileType = sourcecode.c.objc; path = CJSONDeserializer.m; sourceTree = "<group>"; };
		D061C9D217E4C0CF00D81F7F /* CJSONSerializer.h */ = {isa = PBXFileReference; fileEncoding = 4; lastKnownFileType = sourcecode.c.h; path = CJSONSerializer.h; sourceTree = "<group>"; };
		D061C9D317E4C0CF00D81F7F /* CJSONSerializer.m */ = {isa = PBXFileReference; fileEncoding = 4; lastKnownFileType = sourcecode.c.objc; path = CJSONSerializer.m; sourceTree = "<group>"; };
		D061C9D417E4C0CF00D81F7F /* JSONRepresentation.h */ = {isa = PBXFileReference; fileEncoding = 4; lastKnownFileType = sourcecode.c.h; path = JSONRepresentation.h; sourceTree = "<group>"; };
		D061C9D517E4C0CF00D81F7F /* NSDictionary_JSONExtensions.h */ = {isa = PBXFileReference; fileEncoding = 4; lastKnownFileType = sourcecode.c.h; path = NSDictionary_JSONExtensions.h; sourceTree = "<group>"; };
		D061C9D617E4C0CF00D81F7F /* NSDictionary_JSONExtensions.m */ = {isa = PBXFileReference; fileEncoding = 4; lastKnownFileType = sourcecode.c.objc; path = NSDictionary_JSONExtensions.m; sourceTree = "<group>"; };
		D061C9DA17E4C2F600D81F7F /* Constant.h */ = {isa = PBXFileReference; lastKnownFileType = sourcecode.c.h; path = Constant.h; sourceTree = "<group>"; };
		D061C9DB17E4C86400D81F7F /* Security.framework */ = {isa = PBXFileReference; lastKnownFileType = wrapper.framework; name = Security.framework; path = System/Library/Frameworks/Security.framework; sourceTree = SDKROOT; };
		D061C9DD17E4F4FE00D81F7F /* MagazineData.h */ = {isa = PBXFileReference; fileEncoding = 4; lastKnownFileType = sourcecode.c.h; path = MagazineData.h; sourceTree = "<group>"; };
		D061C9DE17E4F4FE00D81F7F /* MagazineData.m */ = {isa = PBXFileReference; fileEncoding = 4; lastKnownFileType = sourcecode.c.objc; path = MagazineData.m; sourceTree = "<group>"; };
		D061C9E517E5E08200D81F7F /* FilDb.db */ = {isa = PBXFileReference; lastKnownFileType = file; path = FilDb.db; sourceTree = "<group>"; };
		D061C9E717E614C700D81F7F /* libsqlite3.0.dylib */ = {isa = PBXFileReference; lastKnownFileType = "compiled.mach-o.dylib"; name = libsqlite3.0.dylib; path = usr/lib/libsqlite3.0.dylib; sourceTree = SDKROOT; };
		D061C9E917E6278700D81F7F /* SystemConfiguration.framework */ = {isa = PBXFileReference; lastKnownFileType = wrapper.framework; name = SystemConfiguration.framework; path = System/Library/Frameworks/SystemConfiguration.framework; sourceTree = SDKROOT; };
		D061C9EB17E6278C00D81F7F /* MobileCoreServices.framework */ = {isa = PBXFileReference; lastKnownFileType = wrapper.framework; name = MobileCoreServices.framework; path = System/Library/Frameworks/MobileCoreServices.framework; sourceTree = SDKROOT; };
		D093D19817E23953001EE771 /* TransBK.png */ = {isa = PBXFileReference; lastKnownFileType = image.png; path = TransBK.png; sourceTree = "<group>"; };
		D093D19A17E23DA5001EE771 /* Refresh.png */ = {isa = PBXFileReference; lastKnownFileType = image.png; path = Refresh.png; sourceTree = "<group>"; };
		D093D19C17E241B7001EE771 /* Banner.png */ = {isa = PBXFileReference; lastKnownFileType = image.png; path = Banner.png; sourceTree = "<group>"; };
		D093D1A017E25B90001EE771 /* Thumbnail.png */ = {isa = PBXFileReference; lastKnownFileType = image.png; path = Thumbnail.png; sourceTree = "<group>"; };
/* End PBXFileReference section */

/* Begin PBXFrameworksBuildPhase section */
		D01D922C17E0F1FE00C56B99 /* Frameworks */ = {
			isa = PBXFrameworksBuildPhase;
			buildActionMask = 2147483647;
			files = (
				D061C9EC17E6278C00D81F7F /* MobileCoreServices.framework in Frameworks */,
				D061C9EA17E6278700D81F7F /* SystemConfiguration.framework in Frameworks */,
				D061C9E817E614C700D81F7F /* libsqlite3.0.dylib in Frameworks */,
				D061C9DC17E4C86400D81F7F /* Security.framework in Frameworks */,
				D01D923317E0F1FE00C56B99 /* UIKit.framework in Frameworks */,
				D01D923517E0F1FE00C56B99 /* Foundation.framework in Frameworks */,
				D01D923717E0F1FE00C56B99 /* CoreGraphics.framework in Frameworks */,
			);
			runOnlyForDeploymentPostprocessing = 0;
		};
/* End PBXFrameworksBuildPhase section */

/* Begin PBXGroup section */
		D01D922617E0F1FE00C56B99 = {
			isa = PBXGroup;
			children = (
				D061C98A17E399CF00D81F7F /* Library */,
				D093D19717E23953001EE771 /* Resource */,
				D01D923817E0F1FE00C56B99 /* Fil */,
				D01D923117E0F1FE00C56B99 /* Frameworks */,
				D01D923017E0F1FE00C56B99 /* Products */,
			);
			sourceTree = "<group>";
		};
		D01D923017E0F1FE00C56B99 /* Products */ = {
			isa = PBXGroup;
			children = (
				D01D922F17E0F1FE00C56B99 /* Fil.app */,
			);
			name = Products;
			sourceTree = "<group>";
		};
		D01D923117E0F1FE00C56B99 /* Frameworks */ = {
			isa = PBXGroup;
			children = (
				D061C9E717E614C700D81F7F /* libsqlite3.0.dylib */,
				D061C9EB17E6278C00D81F7F /* MobileCoreServices.framework */,
				D061C9E917E6278700D81F7F /* SystemConfiguration.framework */,
				D061C9DB17E4C86400D81F7F /* Security.framework */,
				D01D923217E0F1FE00C56B99 /* UIKit.framework */,
				D01D923417E0F1FE00C56B99 /* Foundation.framework */,
				D01D923617E0F1FE00C56B99 /* CoreGraphics.framework */,
			);
			name = Frameworks;
			sourceTree = "<group>";
		};
		D01D923817E0F1FE00C56B99 /* Fil */ = {
			isa = PBXGroup;
			children = (
				D061C9A617E48E5A00D81F7F /* Helper */,
				D061C9A117E488E100D81F7F /* Model */,
				D061C99D17E487E000D81F7F /* View */,
				D01D924117E0F1FE00C56B99 /* AppDelegate.h */,
				D01D924217E0F1FE00C56B99 /* AppDelegate.m */,
				D01D923917E0F1FE00C56B99 /* Supporting Files */,
				D061C9DA17E4C2F600D81F7F /* Constant.h */,
			);
			path = Fil;
			sourceTree = "<group>";
		};
		D01D923917E0F1FE00C56B99 /* Supporting Files */ = {
			isa = PBXGroup;
			children = (
				D061C98617E3917300D81F7F /* Highway.ttf */,
				D01D923A17E0F1FE00C56B99 /* Fil-Info.plist */,
				D01D923B17E0F1FE00C56B99 /* InfoPlist.strings */,
				D01D923E17E0F1FE00C56B99 /* main.m */,
				D01D924017E0F1FE00C56B99 /* Fil-Prefix.pch */,
				D01D924417E0F1FE00C56B99 /* Default.png */,
				D01D924617E0F1FE00C56B99 /* Default@2x.png */,
				D01D924817E0F1FE00C56B99 /* Default-568h@2x.png */,
			);
			name = "Supporting Files";
			sourceTree = "<group>";
		};
		D061C98A17E399CF00D81F7F /* Library */ = {
			isa = PBXGroup;
			children = (
				D061C9CF17E4C0CF00D81F7F /* TouchJSON */,
				D061C9AC17E4B8CE00D81F7F /* AFNetworking */,
				D061C98B17E399CF00D81F7F /* FMDB */,
			);
			name = Library;
			path = Fil/Library;
			sourceTree = "<group>";
		};
		D061C98B17E399CF00D81F7F /* FMDB */ = {
			isa = PBXGroup;
			children = (
				D061C98C17E399CF00D81F7F /* FMDatabase.h */,
				D061C98D17E399CF00D81F7F /* FMDatabase.m */,
				D061C98E17E399CF00D81F7F /* FMDatabaseAdditions.h */,
				D061C98F17E399CF00D81F7F /* FMDatabaseAdditions.m */,
				D061C99017E399CF00D81F7F /* FMDatabasePool.h */,
				D061C99117E399CF00D81F7F /* FMDatabasePool.m */,
				D061C99217E399CF00D81F7F /* FMDatabaseQueue.h */,
				D061C99317E399CF00D81F7F /* FMDatabaseQueue.m */,
				D061C99417E399CF00D81F7F /* FMResultSet.h */,
				D061C99517E399CF00D81F7F /* FMResultSet.m */,
			);
			path = FMDB;
			sourceTree = "<group>";
		};
		D061C99D17E487E000D81F7F /* View */ = {
			isa = PBXGroup;
			children = (
				D061C99F17E4881000D81F7F /* ViewController */,
				D061C99E17E487F000D81F7F /* Template */,
			);
			name = View;
			sourceTree = "<group>";
		};
		D061C99E17E487F000D81F7F /* Template */ = {
			isa = PBXGroup;
			children = (
				D01D925017E0F1FE00C56B99 /* MasterViewController_iPhone.xib */,
				D01D925317E0F1FE00C56B99 /* MasterViewController_iPad.xib */,
				D01D925617E0F1FE00C56B99 /* DetailViewController_iPhone.xib */,
				D01D925917E0F1FE00C56B99 /* DetailViewController_iPad.xib */,
			);
			name = Template;
			sourceTree = "<group>";
		};
		D061C99F17E4881000D81F7F /* ViewController */ = {
			isa = PBXGroup;
			children = (
				D01D924A17E0F1FE00C56B99 /* MasterViewController.h */,
				D01D924B17E0F1FE00C56B99 /* MasterViewController.m */,
				D01D924D17E0F1FE00C56B99 /* DetailViewController.h */,
				D01D924E17E0F1FE00C56B99 /* DetailViewController.m */,
			);
			name = ViewController;
			sourceTree = "<group>";
		};
		D061C9A117E488E100D81F7F /* Model */ = {
			isa = PBXGroup;
			children = (
				D061C9CC17E4BA8B00D81F7F /* FilMagazine.h */,
				D061C9CD17E4BA8B00D81F7F /* FilMagazine.m */,
				D061C9DD17E4F4FE00D81F7F /* MagazineData.h */,
				D061C9DE17E4F4FE00D81F7F /* MagazineData.m */,
			);
			name = Model;
			sourceTree = "<group>";
		};
		D061C9A617E48E5A00D81F7F /* Helper */ = {
			isa = PBXGroup;
			children = (
				D061C9A917E48EA900D81F7F /* Util.h */,
				D061C9AA17E48EA900D81F7F /* Util.m */,
			);
			name = Helper;
			sourceTree = "<group>";
		};
		D061C9AC17E4B8CE00D81F7F /* AFNetworking */ = {
			isa = PBXGroup;
			children = (
				D061C9AD17E4B8CE00D81F7F /* AFHTTPClient.h */,
				D061C9AE17E4B8CE00D81F7F /* AFHTTPClient.m */,
				D061C9AF17E4B8CE00D81F7F /* AFHTTPRequestOperation.h */,
				D061C9B017E4B8CE00D81F7F /* AFHTTPRequestOperation.m */,
				D061C9B117E4B8CE00D81F7F /* AFImageRequestOperation.h */,
				D061C9B217E4B8CE00D81F7F /* AFImageRequestOperation.m */,
				D061C9B317E4B8CE00D81F7F /* AFJSONRequestOperation.h */,
				D061C9B417E4B8CE00D81F7F /* AFJSONRequestOperation.m */,
				D061C9B517E4B8CE00D81F7F /* AFNetworkActivityIndicatorManager.h */,
				D061C9B617E4B8CE00D81F7F /* AFNetworkActivityIndicatorManager.m */,
				D061C9B717E4B8CE00D81F7F /* AFNetworking.h */,
				D061C9B817E4B8CE00D81F7F /* AFPropertyListRequestOperation.h */,
				D061C9B917E4B8CE00D81F7F /* AFPropertyListRequestOperation.m */,
				D061C9BA17E4B8CE00D81F7F /* AFURLConnectionOperation.h */,
				D061C9BB17E4B8CE00D81F7F /* AFURLConnectionOperation.m */,
				D061C9BC17E4B8CE00D81F7F /* AFXMLRequestOperation.h */,
				D061C9BD17E4B8CE00D81F7F /* AFXMLRequestOperation.m */,
				D061C9BE17E4B8CE00D81F7F /* UIImageView+AFNetworking.h */,
				D061C9BF17E4B8CE00D81F7F /* UIImageView+AFNetworking.m */,
			);
			path = AFNetworking;
			sourceTree = "<group>";
		};
		D061C9CF17E4C0CF00D81F7F /* TouchJSON */ = {
			isa = PBXGroup;
			children = (
				D061C9D017E4C0CF00D81F7F /* CJSONDeserializer.h */,
				D061C9D117E4C0CF00D81F7F /* CJSONDeserializer.m */,
				D061C9D217E4C0CF00D81F7F /* CJSONSerializer.h */,
				D061C9D317E4C0CF00D81F7F /* CJSONSerializer.m */,
				D061C9D417E4C0CF00D81F7F /* JSONRepresentation.h */,
				D061C9D517E4C0CF00D81F7F /* NSDictionary_JSONExtensions.h */,
				D061C9D617E4C0CF00D81F7F /* NSDictionary_JSONExtensions.m */,
			);
			path = TouchJSON;
			sourceTree = "<group>";
		};
		D061C9E317E5DFB100D81F7F /* Asset */ = {
			isa = PBXGroup;
			children = (
				D093D1A017E25B90001EE771 /* Thumbnail.png */,
				D093D19C17E241B7001EE771 /* Banner.png */,
				D093D19A17E23DA5001EE771 /* Refresh.png */,
				D093D19817E23953001EE771 /* TransBK.png */,
			);
			name = Asset;
			sourceTree = "<group>";
		};
		D061C9E417E5DFC400D81F7F /* Db */ = {
			isa = PBXGroup;
			children = (
				D061C9E517E5E08200D81F7F /* FilDb.db */,
			);
			name = Db;
			sourceTree = "<group>";
		};
		D093D19717E23953001EE771 /* Resource */ = {
			isa = PBXGroup;
			children = (
				D061C9E417E5DFC400D81F7F /* Db */,
				D061C9E317E5DFB100D81F7F /* Asset */,
			);
			name = Resource;
			path = Resources;
			sourceTree = "<group>";
		};
/* End PBXGroup section */

/* Begin PBXNativeTarget section */
		D01D922E17E0F1FE00C56B99 /* Fil */ = {
			isa = PBXNativeTarget;
			buildConfigurationList = D01D925E17E0F1FE00C56B99 /* Build configuration list for PBXNativeTarget "Fil" */;
			buildPhases = (
				D01D922B17E0F1FE00C56B99 /* Sources */,
				D01D922C17E0F1FE00C56B99 /* Frameworks */,
				D01D922D17E0F1FE00C56B99 /* Resources */,
			);
			buildRules = (
			);
			dependencies = (
			);
			name = Fil;
			productName = Fil;
			productReference = D01D922F17E0F1FE00C56B99 /* Fil.app */;
			productType = "com.apple.product-type.application";
		};
/* End PBXNativeTarget section */

/* Begin PBXProject section */
		D01D922717E0F1FE00C56B99 /* Project object */ = {
			isa = PBXProject;
			attributes = {
				LastUpgradeCheck = 0460;
				ORGANIZATIONNAME = "Firat Agdas";
			};
			buildConfigurationList = D01D922A17E0F1FE00C56B99 /* Build configuration list for PBXProject "Fil" */;
			compatibilityVersion = "Xcode 3.2";
			developmentRegion = English;
			hasScannedForEncodings = 0;
			knownRegions = (
				en,
			);
			mainGroup = D01D922617E0F1FE00C56B99;
			productRefGroup = D01D923017E0F1FE00C56B99 /* Products */;
			projectDirPath = "";
			projectRoot = "";
			targets = (
				D01D922E17E0F1FE00C56B99 /* Fil */,
			);
		};
/* End PBXProject section */

/* Begin PBXResourcesBuildPhase section */
		D01D922D17E0F1FE00C56B99 /* Resources */ = {
			isa = PBXResourcesBuildPhase;
			buildActionMask = 2147483647;
			files = (
				D01D923D17E0F1FE00C56B99 /* InfoPlist.strings in Resources */,
				D01D924517E0F1FE00C56B99 /* Default.png in Resources */,
				D01D924717E0F1FE00C56B99 /* Default@2x.png in Resources */,
				D01D924917E0F1FE00C56B99 /* Default-568h@2x.png in Resources */,
				D01D925217E0F1FE00C56B99 /* MasterViewController_iPhone.xib in Resources */,
				D01D925517E0F1FE00C56B99 /* MasterViewController_iPad.xib in Resources */,
				D01D925817E0F1FE00C56B99 /* DetailViewController_iPhone.xib in Resources */,
				D01D925B17E0F1FE00C56B99 /* DetailViewController_iPad.xib in Resources */,
				D093D19917E23953001EE771 /* TransBK.png in Resources */,
				D093D19B17E23DA5001EE771 /* Refresh.png in Resources */,
				D093D19D17E241B7001EE771 /* Banner.png in Resources */,
				D093D1A117E25B90001EE771 /* Thumbnail.png in Resources */,
				D061C98717E3917300D81F7F /* Highway.ttf in Resources */,
				D061C9E617E5E08200D81F7F /* FilDb.db in Resources */,
			);
			runOnlyForDeploymentPostprocessing = 0;
		};
/* End PBXResourcesBuildPhase section */

/* Begin PBXSourcesBuildPhase section */
		D01D922B17E0F1FE00C56B99 /* Sources */ = {
			isa = PBXSourcesBuildPhase;
			buildActionMask = 2147483647;
			files = (
				D01D923F17E0F1FE00C56B99 /* main.m in Sources */,
				D01D924317E0F1FE00C56B99 /* AppDelegate.m in Sources */,
				D01D924C17E0F1FE00C56B99 /* MasterViewController.m in Sources */,
				D01D924F17E0F1FE00C56B99 /* DetailViewController.m in Sources */,
				D061C99617E399CF00D81F7F /* FMDatabase.m in Sources */,
				D061C99717E399CF00D81F7F /* FMDatabaseAdditions.m in Sources */,
				D061C99817E399CF00D81F7F /* FMDatabasePool.m in Sources */,
				D061C99917E399CF00D81F7F /* FMDatabaseQueue.m in Sources */,
				D061C99A17E399CF00D81F7F /* FMResultSet.m in Sources */,
				D061C9AB17E48EA900D81F7F /* Util.m in Sources */,
				D061C9C017E4B8CE00D81F7F /* AFHTTPClient.m in Sources */,
				D061C9C117E4B8CE00D81F7F /* AFHTTPRequestOperation.m in Sources */,
				D061C9C217E4B8CE00D81F7F /* AFImageRequestOperation.m in Sources */,
				D061C9C317E4B8CE00D81F7F /* AFJSONRequestOperation.m in Sources */,
				D061C9C417E4B8CE00D81F7F /* AFNetworkActivityIndicatorManager.m in Sources */,
				D061C9C517E4B8CE00D81F7F /* AFPropertyListRequestOperation.m in Sources */,
				D061C9C617E4B8CE00D81F7F /* AFURLConnectionOperation.m in Sources */,
				D061C9C717E4B8CE00D81F7F /* AFXMLRequestOperation.m in Sources */,
				D061C9C817E4B8CE00D81F7F /* UIImageView+AFNetworking.m in Sources */,
				D061C9CE17E4BA8B00D81F7F /* FilMagazine.m in Sources */,
				D061C9D717E4C0CF00D81F7F /* CJSONDeserializer.m in Sources */,
				D061C9D817E4C0CF00D81F7F /* CJSONSerializer.m in Sources */,
				D061C9D917E4C0CF00D81F7F /* NSDictionary_JSONExtensions.m in Sources */,
				D061C9DF17E4F4FE00D81F7F /* MagazineData.m in Sources */,
			);
			runOnlyForDeploymentPostprocessing = 0;
		};
/* End PBXSourcesBuildPhase section */

/* Begin PBXVariantGroup section */
		D01D923B17E0F1FE00C56B99 /* InfoPlist.strings */ = {
			isa = PBXVariantGroup;
			children = (
				D01D923C17E0F1FE00C56B99 /* en */,
			);
			name = InfoPlist.strings;
			sourceTree = "<group>";
		};
		D01D925017E0F1FE00C56B99 /* MasterViewController_iPhone.xib */ = {
			isa = PBXVariantGroup;
			children = (
				D01D925117E0F1FE00C56B99 /* en */,
			);
			name = MasterViewController_iPhone.xib;
			sourceTree = "<group>";
		};
		D01D925317E0F1FE00C56B99 /* MasterViewController_iPad.xib */ = {
			isa = PBXVariantGroup;
			children = (
				D01D925417E0F1FE00C56B99 /* en */,
			);
			name = MasterViewController_iPad.xib;
			sourceTree = "<group>";
		};
		D01D925617E0F1FE00C56B99 /* DetailViewController_iPhone.xib */ = {
			isa = PBXVariantGroup;
			children = (
				D01D925717E0F1FE00C56B99 /* en */,
			);
			name = DetailViewController_iPhone.xib;
			sourceTree = "<group>";
		};
		D01D925917E0F1FE00C56B99 /* DetailViewController_iPad.xib */ = {
			isa = PBXVariantGroup;
			children = (
				D01D925A17E0F1FE00C56B99 /* en */,
			);
			name = DetailViewController_iPad.xib;
			sourceTree = "<group>";
		};
/* End PBXVariantGroup section */

/* Begin XCBuildConfiguration section */
		D01D925C17E0F1FE00C56B99 /* Debug */ = {
			isa = XCBuildConfiguration;
			buildSettings = {
				ALWAYS_SEARCH_USER_PATHS = NO;
				CLANG_CXX_LANGUAGE_STANDARD = "gnu++0x";
				CLANG_CXX_LIBRARY = "libc++";
				CLANG_WARN_CONSTANT_CONVERSION = YES;
				CLANG_WARN_EMPTY_BODY = YES;
				CLANG_WARN_ENUM_CONVERSION = YES;
				CLANG_WARN_INT_CONVERSION = YES;
				CLANG_WARN__DUPLICATE_METHOD_MATCH = YES;
				"CODE_SIGN_IDENTITY[sdk=iphoneos*]" = "iPhone Developer";
				COPY_PHASE_STRIP = NO;
				GCC_C_LANGUAGE_STANDARD = gnu99;
				GCC_DYNAMIC_NO_PIC = NO;
				GCC_OPTIMIZATION_LEVEL = 0;
				GCC_PREPROCESSOR_DEFINITIONS = (
					"DEBUG=1",
					"$(inherited)",
				);
				GCC_SYMBOLS_PRIVATE_EXTERN = NO;
				GCC_WARN_ABOUT_RETURN_TYPE = YES;
				GCC_WARN_UNINITIALIZED_AUTOS = YES;
				GCC_WARN_UNUSED_VARIABLE = YES;
				IPHONEOS_DEPLOYMENT_TARGET = 6.1;
				ONLY_ACTIVE_ARCH = YES;
				SDKROOT = iphoneos;
				TARGETED_DEVICE_FAMILY = "1,2";
			};
			name = Debug;
		};
		D01D925D17E0F1FE00C56B99 /* Release */ = {
			isa = XCBuildConfiguration;
			buildSettings = {
				ALWAYS_SEARCH_USER_PATHS = NO;
				CLANG_CXX_LANGUAGE_STANDARD = "gnu++0x";
				CLANG_CXX_LIBRARY = "libc++";
				CLANG_WARN_CONSTANT_CONVERSION = YES;
				CLANG_WARN_EMPTY_BODY = YES;
				CLANG_WARN_ENUM_CONVERSION = YES;
				CLANG_WARN_INT_CONVERSION = YES;
				CLANG_WARN__DUPLICATE_METHOD_MATCH = YES;
				"CODE_SIGN_IDENTITY[sdk=iphoneos*]" = "iPhone Developer";
				COPY_PHASE_STRIP = YES;
				GCC_C_LANGUAGE_STANDARD = gnu99;
				GCC_WARN_ABOUT_RETURN_TYPE = YES;
				GCC_WARN_UNINITIALIZED_AUTOS = YES;
				GCC_WARN_UNUSED_VARIABLE = YES;
				IPHONEOS_DEPLOYMENT_TARGET = 6.1;
				OTHER_CFLAGS = "-DNS_BLOCK_ASSERTIONS=1";
				SDKROOT = iphoneos;
				TARGETED_DEVICE_FAMILY = "1,2";
				VALIDATE_PRODUCT = YES;
			};
			name = Release;
		};
		D01D925F17E0F1FE00C56B99 /* Debug */ = {
			isa = XCBuildConfiguration;
			buildSettings = {
				CLANG_ENABLE_OBJC_ARC = YES;
				GCC_PRECOMPILE_PREFIX_HEADER = YES;
				GCC_PREFIX_HEADER = "Fil/Fil-Prefix.pch";
				INFOPLIST_FILE = "Fil/Fil-Info.plist";
				IPHONEOS_DEPLOYMENT_TARGET = 5.0;
				PRODUCT_NAME = "$(TARGET_NAME)";
				WRAPPER_EXTENSION = app;
			};
			name = Debug;
		};
		D01D926017E0F1FE00C56B99 /* Release */ = {
			isa = XCBuildConfiguration;
			buildSettings = {
				CLANG_ENABLE_OBJC_ARC = YES;
				GCC_PRECOMPILE_PREFIX_HEADER = YES;
				GCC_PREFIX_HEADER = "Fil/Fil-Prefix.pch";
				INFOPLIST_FILE = "Fil/Fil-Info.plist";
				IPHONEOS_DEPLOYMENT_TARGET = 5.0;
				PRODUCT_NAME = "$(TARGET_NAME)";
				WRAPPER_EXTENSION = app;
			};
			name = Release;
		};
/* End XCBuildConfiguration section */

/* Begin XCConfigurationList section */
		D01D922A17E0F1FE00C56B99 /* Build configuration list for PBXProject "Fil" */ = {
			isa = XCConfigurationList;
			buildConfigurations = (
				D01D925C17E0F1FE00C56B99 /* Debug */,
				D01D925D17E0F1FE00C56B99 /* Release */,
			);
			defaultConfigurationIsVisible = 0;
			defaultConfigurationName = Release;
		};
		D01D925E17E0F1FE00C56B99 /* Build configuration list for PBXNativeTarget "Fil" */ = {
			isa = XCConfigurationList;
			buildConfigurations = (
				D01D925F17E0F1FE00C56B99 /* Debug */,
				D01D926017E0F1FE00C56B99 /* Release */,
			);
			defaultConfigurationIsVisible = 0;
			defaultConfigurationName = Release;
		};
/* End XCConfigurationList section */
	};
	rootObject = D01D922717E0F1FE00C56B99 /* Project object */;
}
